
Microsoft Visual Studio Solution File, Format Version 12.00
# Visual Studio Version 16
VisualStudioVersion = 16.0.30621.155
MinimumVisualStudioVersion = 10.0.40219.1
Project("{FAE04EC0-301F-11D3-BF4B-00C04F79EFBC}") = "Generals ZH Helper", "Generals ZH Helper\Generals ZH Helper.csproj", "{A2159521-0F07-4F7E-9662-ADA05C22A7B0}"
EndProject
Project("{FAE04EC0-301F-11D3-BF4B-00C04F79EFBC}") = "WinInput", "WinInput\WinInput.csproj", "{AA7ABC8D-79CC-4344-9225-E03A4DBBB0D3}"
EndProject
Project("{FAE04EC0-301F-11D3-BF4B-00C04F79EFBC}") = "MainLoop", "MainLoop\MainLoop.csproj", "{CE9150DD-7552-4678-AA19-AD42A6AC6E24}"
EndProject
Global
	GlobalSection(SolutionConfigurationPlatforms) = preSolution
		Debug|Any CPU = Debug|Any CPU
		Release|Any CPU = Release|Any CPU
	EndGlobalSection
	GlobalSection(ProjectConfigurationPlatforms) = postSolution
		{A2159521-0F07-4F7E-9662-ADA05C22A7B0}.Debug|Any CPU.ActiveCfg = Debug|Any CPU
		{A2159521-0F07-4F7E-9662-ADA05C22A7B0}.Debug|Any CPU.Build.0 = Debug|Any CPU
		{A2159521-0F07-4F7E-9662-ADA05C22A7B0}.Release|Any CPU.ActiveCfg = Release|Any CPU
		{A2159521-0F07-4F7E-9662-ADA05C22A7B0}.Release|Any CPU.Build.0 = Release|Any CPU
		{AA7ABC8D-79CC-4344-9225-E03A4DBBB0D3}.Debug|Any CPU.ActiveCfg = Debug|Any CPU
		{AA7ABC8D-79CC-4344-9225-E03A4DBBB0D3}.Debug|Any CPU.Build.0 = Debug|Any CPU
		{AA7ABC8D-79CC-4344-9225-E03A4DBBB0D3}.Release|Any CPU.ActiveCfg = Release|Any CPU
		{AA7ABC8D-79CC-4344-9225-E03A4DBBB0D3}.Release|Any CPU.Build.0 = Release|Any CPU
		{CE9150DD-7552-4678-AA19-AD42A6AC6E24}.Debug|Any CPU.ActiveCfg = Debug|Any CPU
		{CE9150DD-7552-4678-AA19-AD42A6AC6E24}.Debug|Any CPU.Build.0 = Debug|Any CPU
		{CE9150DD-7552-4678-AA19-AD42A6AC6E24}.Release|Any CPU.ActiveCfg = Release|Any CPU
		{CE9150DD-7552-4678-AA19-AD42A6AC6E24}.Release|Any CPU.Build.0 = Release|Any CPU
	EndGlobalSection
	GlobalSection(SolutionProperties) = preSolution
		HideSolutionNode = FALSE
	EndGlobalSection
	GlobalSection(ExtensibilityGlobals) = postSolution
		SolutionGuid = {7033EF6B-EBF3-4B68-B251-61EF3FE39B3D}
	EndGlobalSection
EndGlobal
